
Microsoft Visual Studio Solution File, Format Version 12.00
# Visual Studio Version 17
VisualStudioVersion = 17.2.32602.215
MinimumVisualStudioVersion = 10.0.40219.1
Project("{FAE04EC0-301F-11D3-BF4B-00C04F79EFBC}") = "Variables", "Variables\Variables.csproj", "{DDCD869B-AAE2-49AE-8CDC-402C0682E033}"
EndProject
Global
	GlobalSection(SolutionConfigurationPlatforms) = preSolution
		Debug|Any CPU = Debug|Any CPU
		Release|Any CPU = Release|Any CPU
	EndGlobalSection
	GlobalSection(ProjectConfigurationPlatforms) = postSolution
		{DDCD869B-AAE2-49AE-8CDC-402C0682E033}.Debug|Any CPU.ActiveCfg = Debug|Any CPU
		{DDCD869B-AAE2-49AE-8CDC-402C0682E033}.Debug|Any CPU.Build.0 = Debug|Any CPU
		{DDCD869B-AAE2-49AE-8CDC-402C0682E033}.Release|Any CPU.ActiveCfg = Release|Any CPU
		{DDCD869B-AAE2-49AE-8CDC-402C0682E033}.Release|Any CPU.Build.0 = Release|Any CPU
	EndGlobalSection
	GlobalSection(SolutionProperties) = preSolution
		HideSolutionNode = FALSE
	EndGlobalSection
	GlobalSection(ExtensibilityGlobals) = postSolution
		SolutionGuid = {E7470CEF-449A-4901-9F37-FE2CAEE5E5F5}
	EndGlobalSection
EndGlobal
